
Microsoft Visual Studio Solution File, Format Version 12.00
Project("{FAE04EC0-301F-11D3-BF4B-00C04F79EFBC}") = "DoNotDisturb", "DoNotDisturb\DoNotDisturb.csproj", "{46F61B5E-0497-409F-8094-7AD99859E5EB}"
EndProject
Global
	GlobalSection(SolutionConfigurationPlatforms) = preSolution
		Debug|Any CPU = Debug|Any CPU
		Release|Any CPU = Release|Any CPU
	EndGlobalSection
	GlobalSection(ProjectConfigurationPlatforms) = postSolution
		{46F61B5E-0497-409F-8094-7AD99859E5EB}.Debug|Any CPU.ActiveCfg = Debug|Any CPU
		{46F61B5E-0497-409F-8094-7AD99859E5EB}.Debug|Any CPU.Build.0 = Debug|Any CPU
		{46F61B5E-0497-409F-8094-7AD99859E5EB}.Release|Any CPU.ActiveCfg = Release|Any CPU
		{46F61B5E-0497-409F-8094-7AD99859E5EB}.Release|Any CPU.Build.0 = Release|Any CPU
	EndGlobalSection
EndGlobal
